# This file is automatically @generated by Cargo.
# It is not intended for manual editing.
version = 4

[[package]]
name = "independent-xcp-consumer"
version = "0.1.0"
dependencies = [
 "xcp-core",
]

[[package]]
name = "xcp-core"
version = "0.1.0"
dependencies = [
 "xcp-messages",
]

[[package]]
name = "xcp-messages"
version = "0.1.0"
