# This file is automatically @generated by Cargo.
# It is not intended for manual editing.
version = 4

[[package]]
name = "bloxide-calibration"
version = "0.1.0"

[[package]]
name = "bloxide-persistence"
version = "0.1.0"

[[package]]
name = "bloxide-persistence-calibration"
version = "0.1.0"
dependencies = [
 "bloxide-calibration",
 "bloxide-persistence",
]

[[package]]
name = "bloxide-persistence-sim"
version = "0.1.0"
dependencies = [
 "bloxide-persistence",
]

[[package]]
name = "critical-section"
version = "1.2.0"
source = "registry+https://github.com/rust-lang/crates.io-index"
checksum = "790eea4361631c5e7d22598ecd5723ff611904e3344ce8720784c93e3d83d40b"

[[package]]
name = "led-context"
version = "0.1.0"
dependencies = [
 "bloxide-calibration",
 "bloxide-persistence",
 "bloxide-persistence-calibration",
 "bloxide-persistence-sim",
 "critical-section",
 "led-messages",
 "xcp-core",
 "xcp-messages",
 "xcp-profile-p",
]

[[package]]
name = "led-messages"
version = "0.1.0"
dependencies = [
 "bloxide-calibration",
 "bloxide-persistence",
 "bloxide-persistence-calibration",
 "xcp-core",
 "xcp-messages",
]

[[package]]
name = "xcp-core"
version = "0.1.0"
dependencies = [
 "xcp-messages",
]

[[package]]
name = "xcp-messages"
version = "0.1.0"

[[package]]
name = "xcp-profile-p"
version = "0.1.0"
dependencies = [
 "bloxide-calibration",
 "bloxide-persistence",
 "bloxide-persistence-calibration",
 "xcp-messages",
]
