# This file is automatically @generated by Cargo.
# It is not intended for manual editing.
version = 4

[[package]]
name = "bloxide-calibration"
version = "0.1.0"

[[package]]
name = "bloxide-persistence"
version = "0.1.0"

[[package]]
name = "bloxide-persistence-calibration"
version = "0.1.0"
dependencies = [
 "bloxide-calibration",
 "bloxide-persistence",
]

[[package]]
name = "bloxide-persistence-sim"
version = "0.1.0"
dependencies = [
 "bloxide-calibration",
 "bloxide-persistence",
 "bloxide-persistence-calibration",
]
