# This file is automatically @generated by Cargo.
# It is not intended for manual editing.
version = 4

[[package]]
name = "xcp-core"
version = "0.1.0"
dependencies = [
 "xcp-messages",
]

[[package]]
name = "xcp-messages"
version = "0.1.0"

[[package]]
name = "xcp-sxi"
version = "0.1.0"
dependencies = [
 "xcp-core",
 "xcp-messages",
]

[[package]]
name = "xcp-sxi-endpoint"
version = "0.0.0"
dependencies = [
 "xcp-core",
 "xcp-messages",
 "xcp-sxi",
]
